
Microsoft Visual Studio Solution File, Format Version 12.00
# Visual Studio Version 17
VisualStudioVersion = 17.7.34221.43
MinimumVisualStudioVersion = 10.0.40219.1
Project("{FAE04EC0-301F-11D3-BF4B-00C04F79EFBC}") = "BackendPruebaUSI", "BackendPruebaUSI\BackendPruebaUSI.csproj", "{517715F4-0429-4357-A5FB-7F9CAE1F50EB}"
EndProject
Global
	GlobalSection(SolutionConfigurationPlatforms) = preSolution
		Debug|Any CPU = Debug|Any CPU
		Release|Any CPU = Release|Any CPU
	EndGlobalSection
	GlobalSection(ProjectConfigurationPlatforms) = postSolution
		{517715F4-0429-4357-A5FB-7F9CAE1F50EB}.Debug|Any CPU.ActiveCfg = Debug|Any CPU
		{517715F4-0429-4357-A5FB-7F9CAE1F50EB}.Debug|Any CPU.Build.0 = Debug|Any CPU
		{517715F4-0429-4357-A5FB-7F9CAE1F50EB}.Release|Any CPU.ActiveCfg = Release|Any CPU
		{517715F4-0429-4357-A5FB-7F9CAE1F50EB}.Release|Any CPU.Build.0 = Release|Any CPU
	EndGlobalSection
	GlobalSection(SolutionProperties) = preSolution
		HideSolutionNode = FALSE
	EndGlobalSection
	GlobalSection(ExtensibilityGlobals) = postSolution
		SolutionGuid = {A9862D51-0660-4D73-A066-3025599F8FB2}
	EndGlobalSection
EndGlobal
